
Microsoft Visual Studio Solution File, Format Version 12.00
# Visual Studio 15
VisualStudioVersion = 15.0.28307.757
MinimumVisualStudioVersion = 10.0.40219.1
Project("{FAE04EC0-301F-11D3-BF4B-00C04F79EFBC}") = "AssortCSGrammer", "AssortCSGrammer\AssortCSGrammer.csproj", "{27ADD414-C21F-4465-81D9-F6B9FA600416}"
EndProject
Project("{FAE04EC0-301F-11D3-BF4B-00C04F79EFBC}") = "L14_Static", "L14_Static\L14_Static.csproj", "{072C478F-C177-47D9-8CC4-33928C23FDC4}"
EndProject
Project("{FAE04EC0-301F-11D3-BF4B-00C04F79EFBC}") = "L14_StaticFunction", "L14_StaticFunction\L14_StaticFunction.csproj", "{D7C2E373-4693-420D-800A-228DE10A4101}"
EndProject
Project("{FAE04EC0-301F-11D3-BF4B-00C04F79EFBC}") = "L14_StaticClass", "L14_StaticClass\L14_StaticClass.csproj", "{08555B8C-DE62-4591-98C7-4F0F17465435}"
EndProject
Project("{FAE04EC0-301F-11D3-BF4B-00C04F79EFBC}") = "L15_This", "L15_This\L15_This.csproj", "{DC3F6937-01BE-4EC0-B963-FD6F4ED136DA}"
EndProject
Global
	GlobalSection(SolutionConfigurationPlatforms) = preSolution
		Debug|Any CPU = Debug|Any CPU
		Release|Any CPU = Release|Any CPU
	EndGlobalSection
	GlobalSection(ProjectConfigurationPlatforms) = postSolution
		{27ADD414-C21F-4465-81D9-F6B9FA600416}.Debug|Any CPU.ActiveCfg = Debug|Any CPU
		{27ADD414-C21F-4465-81D9-F6B9FA600416}.Debug|Any CPU.Build.0 = Debug|Any CPU
		{27ADD414-C21F-4465-81D9-F6B9FA600416}.Release|Any CPU.ActiveCfg = Release|Any CPU
		{27ADD414-C21F-4465-81D9-F6B9FA600416}.Release|Any CPU.Build.0 = Release|Any CPU
		{072C478F-C177-47D9-8CC4-33928C23FDC4}.Debug|Any CPU.ActiveCfg = Debug|Any CPU
		{072C478F-C177-47D9-8CC4-33928C23FDC4}.Debug|Any CPU.Build.0 = Debug|Any CPU
		{072C478F-C177-47D9-8CC4-33928C23FDC4}.Release|Any CPU.ActiveCfg = Release|Any CPU
		{072C478F-C177-47D9-8CC4-33928C23FDC4}.Release|Any CPU.Build.0 = Release|Any CPU
		{D7C2E373-4693-420D-800A-228DE10A4101}.Debug|Any CPU.ActiveCfg = Debug|Any CPU
		{D7C2E373-4693-420D-800A-228DE10A4101}.Debug|Any CPU.Build.0 = Debug|Any CPU
		{D7C2E373-4693-420D-800A-228DE10A4101}.Release|Any CPU.ActiveCfg = Release|Any CPU
		{D7C2E373-4693-420D-800A-228DE10A4101}.Release|Any CPU.Build.0 = Release|Any CPU
		{08555B8C-DE62-4591-98C7-4F0F17465435}.Debug|Any CPU.ActiveCfg = Debug|Any CPU
		{08555B8C-DE62-4591-98C7-4F0F17465435}.Debug|Any CPU.Build.0 = Debug|Any CPU
		{08555B8C-DE62-4591-98C7-4F0F17465435}.Release|Any CPU.ActiveCfg = Release|Any CPU
		{08555B8C-DE62-4591-98C7-4F0F17465435}.Release|Any CPU.Build.0 = Release|Any CPU
		{DC3F6937-01BE-4EC0-B963-FD6F4ED136DA}.Debug|Any CPU.ActiveCfg = Debug|Any CPU
		{DC3F6937-01BE-4EC0-B963-FD6F4ED136DA}.Debug|Any CPU.Build.0 = Debug|Any CPU
		{DC3F6937-01BE-4EC0-B963-FD6F4ED136DA}.Release|Any CPU.ActiveCfg = Release|Any CPU
		{DC3F6937-01BE-4EC0-B963-FD6F4ED136DA}.Release|Any CPU.Build.0 = Release|Any CPU
	EndGlobalSection
	GlobalSection(SolutionProperties) = preSolution
		HideSolutionNode = FALSE
	EndGlobalSection
	GlobalSection(ExtensibilityGlobals) = postSolution
		SolutionGuid = {F22EE860-D5F0-45A6-A530-F5F199A3FCF6}
	EndGlobalSection
EndGlobal
